{
  "version": 4,
  "terraform_version": "1.9.7",
  "serial": 189,
  "lineage": "616e982a-bee8-7a7a-1629-013e196ddd8a",
  "outputs": {},
  "resources": [
    {
      "mode": "data",
      "type": "template_file",
      "name": "user_data",
      "provider": "provider[\"registry.terraform.io/hashicorp/template\"]",
      "instances": [
        {
          "schema_version": 0,
          "attributes": {
            "filename": null,
            "id": "efbb41e2ce399b8820edbd082a941efcc90448f345b13f42ccd728763b3b7fe4",
            "rendered": "#!/bin/bash\n\nsudo apt update -y\n\nsudo apt install openjdk-11-jdk -y\n\nsudo wget -O /usr/share/keyrings/jenkins-keyring.asc \\\n  https://pkg.jenkins.io/debian-stable/jenkins.io-2023.key\n\necho \"deb [signed-by=/usr/share/keyrings/jenkins-keyring.asc]\" \\\n  https://pkg.jenkins.io/debian-stable binary/ | sudo tee \\\n  /etc/apt/sources.list.d/jenkins.list \u003e /dev/null\n\nsudo apt-get update\n\nsudo apt-get install jenkins -y",
            "template": "#!/bin/bash\n\nsudo apt update -y\n\nsudo apt install openjdk-11-jdk -y\n\nsudo wget -O /usr/share/keyrings/jenkins-keyring.asc \\\n  https://pkg.jenkins.io/debian-stable/jenkins.io-2023.key\n\necho \"deb [signed-by=/usr/share/keyrings/jenkins-keyring.asc]\" \\\n  https://pkg.jenkins.io/debian-stable binary/ | sudo tee \\\n  /etc/apt/sources.list.d/jenkins.list \u003e /dev/null\n\nsudo apt-get update\n\nsudo apt-get install jenkins -y",
            "vars": null
          },
          "sensitive_attributes": []
        }
      ]
    },
    {
      "mode": "managed",
      "type": "aws_instance",
      "name": "new",
      "provider": "provider[\"registry.terraform.io/hashicorp/aws\"]",
      "instances": [
        {
          "schema_version": 1,
          "attributes": {
            "ami": "ami-0866a3c8686eaeeba",
            "arn": "arn:aws:ec2:us-east-1:480007388890:instance/i-02d32759589f1a5f2",
            "associate_public_ip_address": true,
            "availability_zone": "us-east-1a",
            "capacity_reservation_specification": [
              {
                "capacity_reservation_preference": "open",
                "capacity_reservation_target": []
              }
            ],
            "cpu_core_count": 1,
            "cpu_options": [
              {
                "amd_sev_snp": "",
                "core_count": 1,
                "threads_per_core": 1
              }
            ],
            "cpu_threads_per_core": 1,
            "credit_specification": [
              {
                "cpu_credits": "standard"
              }
            ],
            "disable_api_stop": false,
            "disable_api_termination": false,
            "ebs_block_device": [],
            "ebs_optimized": false,
            "enclave_options": [
              {
                "enabled": false
              }
            ],
            "ephemeral_block_device": [],
            "get_password_data": false,
            "hibernation": false,
            "host_id": "",
            "host_resource_group_arn": null,
            "iam_instance_profile": "",
            "id": "i-02d32759589f1a5f2",
            "instance_initiated_shutdown_behavior": "stop",
            "instance_lifecycle": "",
            "instance_market_options": [],
            "instance_state": "running",
            "instance_type": "t2.micro",
            "ipv6_address_count": 0,
            "ipv6_addresses": [],
            "key_name": "key-2",
            "launch_template": [],
            "maintenance_options": [
              {
                "auto_recovery": "default"
              }
            ],
            "metadata_options": [
              {
                "http_endpoint": "enabled",
                "http_protocol_ipv6": "disabled",
                "http_put_response_hop_limit": 2,
                "http_tokens": "required",
                "instance_metadata_tags": "disabled"
              }
            ],
            "monitoring": false,
            "network_interface": [],
            "outpost_arn": "",
            "password_data": "",
            "placement_group": "",
            "placement_partition_number": 0,
            "primary_network_interface_id": "eni-0d25f066e70606326",
            "private_dns": "ip-172-31-37-70.ec2.internal",
            "private_dns_name_options": [
              {
                "enable_resource_name_dns_a_record": false,
                "enable_resource_name_dns_aaaa_record": false,
                "hostname_type": "ip-name"
              }
            ],
            "private_ip": "172.31.37.70",
            "public_dns": "ec2-34-228-221-204.compute-1.amazonaws.com",
            "public_ip": "34.228.221.204",
            "root_block_device": [
              {
                "delete_on_termination": true,
                "device_name": "/dev/sda1",
                "encrypted": false,
                "iops": 3000,
                "kms_key_id": "",
                "tags": {},
                "tags_all": {},
                "throughput": 125,
                "volume_id": "vol-0db1737b425c11184",
                "volume_size": 8,
                "volume_type": "gp3"
              }
            ],
            "secondary_private_ips": [],
            "security_groups": [
              "terraform-20241017103236362700000001"
            ],
            "source_dest_check": true,
            "spot_instance_request_id": "",
            "subnet_id": "subnet-0034156386be4aed8",
            "tags": {
              "Name": "M1"
            },
            "tags_all": {
              "Name": "M1"
            },
            "tenancy": "default",
            "timeouts": null,
            "user_data": "e8598b51c5f8f4df53db52076771a840b5bd1a50",
            "user_data_base64": null,
            "user_data_replace_on_change": false,
            "volume_tags": null,
            "vpc_security_group_ids": [
              "sg-0e62546730c0ebee6"
            ]
          },
          "sensitive_attributes": [],
          "private": "eyJlMmJmYjczMC1lY2FhLTExZTYtOGY4OC0zNDM2M2JjN2M0YzAiOnsiY3JlYXRlIjo2MDAwMDAwMDAwMDAsImRlbGV0ZSI6MTIwMDAwMDAwMDAwMCwicmVhZCI6OTAwMDAwMDAwMDAwLCJ1cGRhdGUiOjYwMDAwMDAwMDAwMH0sInNjaGVtYV92ZXJzaW9uIjoiMSJ9",
          "dependencies": [
            "aws_key_pair.key-2",
            "aws_security_group.main",
            "data.template_file.user_data"
          ]
        }
      ]
    },
    {
      "mode": "managed",
      "type": "aws_key_pair",
      "name": "key-2",
      "provider": "provider[\"registry.terraform.io/hashicorp/aws\"]",
      "instances": [
        {
          "schema_version": 1,
          "attributes": {
            "arn": "arn:aws:ec2:us-east-1:480007388890:key-pair/key-2",
            "fingerprint": "e4:05:94:06:36:cb:f4:67:f1:54:d5:3b:d5:98:f8:d1",
            "id": "key-2",
            "key_name": "key-2",
            "key_name_prefix": "",
            "key_pair_id": "key-0b7475bbf536b06ad",
            "key_type": "rsa",
            "public_key": "ssh-rsa AAAAB3NzaC1yc2EAAAADAQABAAABAQCr57bCiVUVcfJ1rGuYSAUivfeyvMBfRSXiOmGtPn5/p8L+AsqUINUELhsfeG+mTlhL6Zqfil8AyIma1Pi/jUJAmkpSDbzFmuHd8EnVwiD+2bdPHUmo8xJphTK16JzgmpqPn8nsLBx6KZQsy9pYQbA2HSZ51PhtrTVyFBjuDrp72Cm3A1Au9iA+8xk0nZoG57+wwmT/lalcP2jWp5uxZrv3ExZUBhrmZGg90jcAIe3tBxOyJxuDAZ+NAOm0KSl4dPBeWGpj6mhxr3ZVca+i5Rdmo5/dj3xcaDBLbSeUPzOztv7ybHUcdcF66uPviRuHcBmC1/5qrNiOPXKg936bSWc5 DELL@DESKTOP-L6IM9AN",
            "tags": null,
            "tags_all": {}
          },
          "sensitive_attributes": [],
          "private": "eyJzY2hlbWFfdmVyc2lvbiI6IjEifQ=="
        }
      ]
    },
    {
      "mode": "managed",
      "type": "aws_security_group",
      "name": "main",
      "provider": "provider[\"registry.terraform.io/hashicorp/aws\"]",
      "instances": [
        {
          "schema_version": 1,
          "attributes": {
            "arn": "arn:aws:ec2:us-east-1:480007388890:security-group/sg-0e62546730c0ebee6",
            "description": "Managed by Terraform",
            "egress": [
              {
                "cidr_blocks": [
                  "0.0.0.0/0"
                ],
                "description": "",
                "from_port": 0,
                "ipv6_cidr_blocks": [],
                "prefix_list_ids": [],
                "protocol": "-1",
                "security_groups": [],
                "self": false,
                "to_port": 0
              }
            ],
            "id": "sg-0e62546730c0ebee6",
            "ingress": [
              {
                "cidr_blocks": [
                  "0.0.0.0/0"
                ],
                "description": "inbound reules",
                "from_port": 22,
                "ipv6_cidr_blocks": [],
                "prefix_list_ids": [],
                "protocol": "tcp",
                "security_groups": [],
                "self": false,
                "to_port": 22
              },
              {
                "cidr_blocks": [
                  "0.0.0.0/0"
                ],
                "description": "inbound reules",
                "from_port": 443,
                "ipv6_cidr_blocks": [],
                "prefix_list_ids": [],
                "protocol": "tcp",
                "security_groups": [],
                "self": false,
                "to_port": 443
              },
              {
                "cidr_blocks": [
                  "0.0.0.0/0"
                ],
                "description": "inbound reules",
                "from_port": 8080,
                "ipv6_cidr_blocks": [],
                "prefix_list_ids": [],
                "protocol": "tcp",
                "security_groups": [],
                "self": false,
                "to_port": 8080
              },
              {
                "cidr_blocks": [
                  "0.0.0.0/0"
                ],
                "description": "inbound reules",
                "from_port": 80,
                "ipv6_cidr_blocks": [],
                "prefix_list_ids": [],
                "protocol": "tcp",
                "security_groups": [],
                "self": false,
                "to_port": 80
              }
            ],
            "name": "terraform-20241017103236362700000001",
            "name_prefix": "terraform-",
            "owner_id": "480007388890",
            "revoke_rules_on_delete": false,
            "tags": null,
            "tags_all": {},
            "timeouts": null,
            "vpc_id": "vpc-05daf137dbffaab4d"
          },
          "sensitive_attributes": [],
          "private": "eyJlMmJmYjczMC1lY2FhLTExZTYtOGY4OC0zNDM2M2JjN2M0YzAiOnsiY3JlYXRlIjo2MDAwMDAwMDAwMDAsImRlbGV0ZSI6OTAwMDAwMDAwMDAwfSwic2NoZW1hX3ZlcnNpb24iOiIxIn0="
        }
      ]
    }
  ],
  "check_results": null
}
